<?xml version="1.0" encoding="utf-8"?>
<Project ToolsVersion="4.0" xmlns="http://schemas.microsoft.com/developer/msbuild/2003">
  <ItemGroup>
    <Filter Include="Rema">
      <UniqueIdentifier>{AAC28B7C-96F9-8C0D-3FE6-72102BFC080F}</UniqueIdentifier>
    </Filter>
    <Filter Include="Rema\Engine">
      <UniqueIdentifier>{EFC91A24-5B7F-9319-E473-8DF050288A1D}</UniqueIdentifier>
    </Filter>
    <Filter Include="Rema\Input">
      <UniqueIdentifier>{294A0BAC-1502-4DF9-7E09-26556AE0E7E9}</UniqueIdentifier>
    </Filter>
  </ItemGroup>
  <ItemGroup>
    <ClInclude Include="sources\Rema.h" />
    <ClInclude Include="sources\Rema\Engine\Core.h">
      <Filter>Rema\Engine</Filter>
    </ClInclude>
    <ClInclude Include="sources\Rema\Engine\Engine.h">
      <Filter>Rema\Engine</Filter>
    </ClInclude>
    <ClInclude Include="sources\Rema\Engine\Launch.h">
      <Filter>Rema\Engine</Filter>
    </ClInclude>
    <ClInclude Include="sources\Rema\Engine\Log.h">
      <Filter>Rema\Engine</Filter>
    </ClInclude>
    <ClInclude Include="sources\Rema\Input\Action.h">
      <Filter>Rema\Input</Filter>
    </ClInclude>
    <ClInclude Include="sources\Rema\Input\KeyboardAction.h">
      <Filter>Rema\Input</Filter>
    </ClInclude>
    <ClInclude Include="sources\Rema\Input\MouseAction.h">
      <Filter>Rema\Input</Filter>
    </ClInclude>
    <ClInclude Include="sources\Rema\Input\WindowAction.h">
      <Filter>Rema\Input</Filter>
    </ClInclude>
    <ClInclude Include="sources\remapch.h" />
  </ItemGroup>
  <ItemGroup>
    <ClCompile Include="sources\Rema\Engine\Engine.cpp">
      <Filter>Rema\Engine</Filter>
    </ClCompile>
    <ClCompile Include="sources\Rema\Engine\Log.cpp">
      <Filter>Rema\Engine</Filter>
    </ClCompile>
    <ClCompile Include="sources\remapch.cpp" />
  </ItemGroup>
</Project>